
Microsoft Visual Studio Solution File, Format Version 12.00
# Visual Studio Version 17
VisualStudioVersion = 17.6.33717.318
MinimumVisualStudioVersion = 10.0.40219.1
Project("{FAE04EC0-301F-11D3-BF4B-00C04F79EFBC}") = "MyFamilyTreeAPI", "MyFamilyTreeAPI\MyFamilyTreeAPI.csproj", "{B021F295-6E3B-4E1A-9144-9B233D5DD712}"
EndProject
Global
	GlobalSection(SolutionConfigurationPlatforms) = preSolution
		Debug|Any CPU = Debug|Any CPU
		Release|Any CPU = Release|Any CPU
	EndGlobalSection
	GlobalSection(ProjectConfigurationPlatforms) = postSolution
		{B021F295-6E3B-4E1A-9144-9B233D5DD712}.Debug|Any CPU.ActiveCfg = Debug|Any CPU
		{B021F295-6E3B-4E1A-9144-9B233D5DD712}.Debug|Any CPU.Build.0 = Debug|Any CPU
		{B021F295-6E3B-4E1A-9144-9B233D5DD712}.Release|Any CPU.ActiveCfg = Release|Any CPU
		{B021F295-6E3B-4E1A-9144-9B233D5DD712}.Release|Any CPU.Build.0 = Release|Any CPU
	EndGlobalSection
	GlobalSection(SolutionProperties) = preSolution
		HideSolutionNode = FALSE
	EndGlobalSection
	GlobalSection(ExtensibilityGlobals) = postSolution
		SolutionGuid = {F928BDE5-6CC8-4F8E-B53D-A6590ECC8E10}
	EndGlobalSection
EndGlobal
